
Microsoft Visual Studio Solution File, Format Version 12.00
# Visual Studio Version 17
VisualStudioVersion = 17.14.36915.13
MinimumVisualStudioVersion = 10.0.40219.1
Project("{FAE04EC0-301F-11D3-BF4B-00C04F79EFBC}") = "GuessingGameClient", "..\GuessingGameClient\GuessingGameClient.csproj", "{F5B88AD9-A985-C4D4-21FD-8DA8F2B37014}"
EndProject
Project("{FAE04EC0-301F-11D3-BF4B-00C04F79EFBC}") = "GuessingGameServer", "..\GuessingGameServer\GuessingGameServer.csproj", "{1DE042F1-11B5-2BCC-B7FE-9EE46283A83C}"
EndProject
Global
	GlobalSection(SolutionConfigurationPlatforms) = preSolution
		Debug|Any CPU = Debug|Any CPU
		Release|Any CPU = Release|Any CPU
	EndGlobalSection
	GlobalSection(ProjectConfigurationPlatforms) = postSolution
		{F5B88AD9-A985-C4D4-21FD-8DA8F2B37014}.Debug|Any CPU.ActiveCfg = Debug|Any CPU
		{F5B88AD9-A985-C4D4-21FD-8DA8F2B37014}.Debug|Any CPU.Build.0 = Debug|Any CPU
		{F5B88AD9-A985-C4D4-21FD-8DA8F2B37014}.Release|Any CPU.ActiveCfg = Release|Any CPU
		{F5B88AD9-A985-C4D4-21FD-8DA8F2B37014}.Release|Any CPU.Build.0 = Release|Any CPU
		{1DE042F1-11B5-2BCC-B7FE-9EE46283A83C}.Debug|Any CPU.ActiveCfg = Debug|Any CPU
		{1DE042F1-11B5-2BCC-B7FE-9EE46283A83C}.Debug|Any CPU.Build.0 = Debug|Any CPU
		{1DE042F1-11B5-2BCC-B7FE-9EE46283A83C}.Release|Any CPU.ActiveCfg = Release|Any CPU
		{1DE042F1-11B5-2BCC-B7FE-9EE46283A83C}.Release|Any CPU.Build.0 = Release|Any CPU
	EndGlobalSection
	GlobalSection(SolutionProperties) = preSolution
		HideSolutionNode = FALSE
	EndGlobalSection
	GlobalSection(ExtensibilityGlobals) = postSolution
		SolutionGuid = {903F9D7E-E6F2-49CC-9ED7-632295D841F7}
	EndGlobalSection
EndGlobal
